
Microsoft Visual Studio Solution File, Format Version 12.00
# Visual Studio Version 17
VisualStudioVersion = 17.0.31903.59
MinimumVisualStudioVersion = 10.0.40219.1
Project("{2150E333-8FDC-42A3-9474-1A3956D46DE8}") = "src", "src", "{827E0CD3-B72D-47B6-A68D-7590B98EB39B}"
EndProject
Project("{FAE04EC0-301F-11D3-BF4B-00C04F79EFBC}") = "Library.ApplicationCore", "src\Library.ApplicationCore\Library.ApplicationCore.csproj", "{93CD8DE7-54D4-4801-90D9-A97966310C78}"
EndProject
Project("{FAE04EC0-301F-11D3-BF4B-00C04F79EFBC}") = "Library.Console", "src\Library.Console\Library.Console.csproj", "{98594E66-F47E-4899-87E5-31B36142DC6D}"
EndProject
Project("{FAE04EC0-301F-11D3-BF4B-00C04F79EFBC}") = "Library.Infrastructure", "src\Library.Infrastructure\Library.Infrastructure.csproj", "{5B8EDAE1-5067-4621-B67F-9E4AEB9360DB}"
EndProject
Project("{2150E333-8FDC-42A3-9474-1A3956D46DE8}") = "tests", "tests", "{0AB3BF05-4346-4AA6-1389-037BE0695223}"
EndProject
Project("{FAE04EC0-301F-11D3-BF4B-00C04F79EFBC}") = "UnitTests", "tests\UnitTests\UnitTests.csproj", "{77A40361-8118-41F8-95E4-C16551511906}"
EndProject
Global
	GlobalSection(SolutionConfigurationPlatforms) = preSolution
		Debug|Any CPU = Debug|Any CPU
		Debug|x64 = Debug|x64
		Debug|x86 = Debug|x86
		Release|Any CPU = Release|Any CPU
		Release|x64 = Release|x64
		Release|x86 = Release|x86
	EndGlobalSection
	GlobalSection(ProjectConfigurationPlatforms) = postSolution
		{93CD8DE7-54D4-4801-90D9-A97966310C78}.Debug|Any CPU.ActiveCfg = Debug|Any CPU
		{93CD8DE7-54D4-4801-90D9-A97966310C78}.Debug|Any CPU.Build.0 = Debug|Any CPU
		{93CD8DE7-54D4-4801-90D9-A97966310C78}.Debug|x64.ActiveCfg = Debug|Any CPU
		{93CD8DE7-54D4-4801-90D9-A97966310C78}.Debug|x64.Build.0 = Debug|Any CPU
		{93CD8DE7-54D4-4801-90D9-A97966310C78}.Debug|x86.ActiveCfg = Debug|Any CPU
		{93CD8DE7-54D4-4801-90D9-A97966310C78}.Debug|x86.Build.0 = Debug|Any CPU
		{93CD8DE7-54D4-4801-90D9-A97966310C78}.Release|Any CPU.ActiveCfg = Release|Any CPU
		{93CD8DE7-54D4-4801-90D9-A97966310C78}.Release|Any CPU.Build.0 = Release|Any CPU
		{93CD8DE7-54D4-4801-90D9-A97966310C78}.Release|x64.ActiveCfg = Release|Any CPU
		{93CD8DE7-54D4-4801-90D9-A97966310C78}.Release|x64.Build.0 = Release|Any CPU
		{93CD8DE7-54D4-4801-90D9-A97966310C78}.Release|x86.ActiveCfg = Release|Any CPU
		{93CD8DE7-54D4-4801-90D9-A97966310C78}.Release|x86.Build.0 = Release|Any CPU
		{98594E66-F47E-4899-87E5-31B36142DC6D}.Debug|Any CPU.ActiveCfg = Debug|Any CPU
		{98594E66-F47E-4899-87E5-31B36142DC6D}.Debug|Any CPU.Build.0 = Debug|Any CPU
		{98594E66-F47E-4899-87E5-31B36142DC6D}.Debug|x64.ActiveCfg = Debug|Any CPU
		{98594E66-F47E-4899-87E5-31B36142DC6D}.Debug|x64.Build.0 = Debug|Any CPU
		{98594E66-F47E-4899-87E5-31B36142DC6D}.Debug|x86.ActiveCfg = Debug|Any CPU
		{98594E66-F47E-4899-87E5-31B36142DC6D}.Debug|x86.Build.0 = Debug|Any CPU
		{98594E66-F47E-4899-87E5-31B36142DC6D}.Release|Any CPU.ActiveCfg = Release|Any CPU
		{98594E66-F47E-4899-87E5-31B36142DC6D}.Release|Any CPU.Build.0 = Release|Any CPU
		{98594E66-F47E-4899-87E5-31B36142DC6D}.Release|x64.ActiveCfg = Release|Any CPU
		{98594E66-F47E-4899-87E5-31B36142DC6D}.Release|x64.Build.0 = Release|Any CPU
		{98594E66-F47E-4899-87E5-31B36142DC6D}.Release|x86.ActiveCfg = Release|Any CPU
		{98594E66-F47E-4899-87E5-31B36142DC6D}.Release|x86.Build.0 = Release|Any CPU
		{5B8EDAE1-5067-4621-B67F-9E4AEB9360DB}.Debug|Any CPU.ActiveCfg = Debug|Any CPU
		{5B8EDAE1-5067-4621-B67F-9E4AEB9360DB}.Debug|Any CPU.Build.0 = Debug|Any CPU
		{5B8EDAE1-5067-4621-B67F-9E4AEB9360DB}.Debug|x64.ActiveCfg = Debug|Any CPU
		{5B8EDAE1-5067-4621-B67F-9E4AEB9360DB}.Debug|x64.Build.0 = Debug|Any CPU
		{5B8EDAE1-5067-4621-B67F-9E4AEB9360DB}.Debug|x86.ActiveCfg = Debug|Any CPU
		{5B8EDAE1-5067-4621-B67F-9E4AEB9360DB}.Debug|x86.Build.0 = Debug|Any CPU
		{5B8EDAE1-5067-4621-B67F-9E4AEB9360DB}.Release|Any CPU.ActiveCfg = Release|Any CPU
		{5B8EDAE1-5067-4621-B67F-9E4AEB9360DB}.Release|Any CPU.Build.0 = Release|Any CPU
		{5B8EDAE1-5067-4621-B67F-9E4AEB9360DB}.Release|x64.ActiveCfg = Release|Any CPU
		{5B8EDAE1-5067-4621-B67F-9E4AEB9360DB}.Release|x64.Build.0 = Release|Any CPU
		{5B8EDAE1-5067-4621-B67F-9E4AEB9360DB}.Release|x86.ActiveCfg = Release|Any CPU
		{5B8EDAE1-5067-4621-B67F-9E4AEB9360DB}.Release|x86.Build.0 = Release|Any CPU
		{77A40361-8118-41F8-95E4-C16551511906}.Debug|Any CPU.ActiveCfg = Debug|Any CPU
		{77A40361-8118-41F8-95E4-C16551511906}.Debug|Any CPU.Build.0 = Debug|Any CPU
		{77A40361-8118-41F8-95E4-C16551511906}.Debug|x64.ActiveCfg = Debug|Any CPU
		{77A40361-8118-41F8-95E4-C16551511906}.Debug|x64.Build.0 = Debug|Any CPU
		{77A40361-8118-41F8-95E4-C16551511906}.Debug|x86.ActiveCfg = Debug|Any CPU
		{77A40361-8118-41F8-95E4-C16551511906}.Debug|x86.Build.0 = Debug|Any CPU
		{77A40361-8118-41F8-95E4-C16551511906}.Release|Any CPU.ActiveCfg = Release|Any CPU
		{77A40361-8118-41F8-95E4-C16551511906}.Release|Any CPU.Build.0 = Release|Any CPU
		{77A40361-8118-41F8-95E4-C16551511906}.Release|x64.ActiveCfg = Release|Any CPU
		{77A40361-8118-41F8-95E4-C16551511906}.Release|x64.Build.0 = Release|Any CPU
		{77A40361-8118-41F8-95E4-C16551511906}.Release|x86.ActiveCfg = Release|Any CPU
		{77A40361-8118-41F8-95E4-C16551511906}.Release|x86.Build.0 = Release|Any CPU
	EndGlobalSection
	GlobalSection(SolutionProperties) = preSolution
		HideSolutionNode = FALSE
	EndGlobalSection
	GlobalSection(NestedProjects) = preSolution
		{93CD8DE7-54D4-4801-90D9-A97966310C78} = {827E0CD3-B72D-47B6-A68D-7590B98EB39B}
		{98594E66-F47E-4899-87E5-31B36142DC6D} = {827E0CD3-B72D-47B6-A68D-7590B98EB39B}
		{5B8EDAE1-5067-4621-B67F-9E4AEB9360DB} = {827E0CD3-B72D-47B6-A68D-7590B98EB39B}
		{77A40361-8118-41F8-95E4-C16551511906} = {0AB3BF05-4346-4AA6-1389-037BE0695223}
	EndGlobalSection
EndGlobal
